[[package]]
name = "numpy"
version = "1.23.4"
description = "NumPy is the fundamental package for array computing with Python."
category = "main"
optional = false
python-versions = ">=3.8"

[metadata]
lock-version = "1.1"
python-versions = "^3.9"
content-hash = "df4d4b3df7cf01970f6fd5781f99c9d532454deaee4cfe045978927e0c3b553d"

[metadata.files]
numpy = []
